
Microsoft Visual Studio Solution File, Format Version 12.00
# Visual Studio 15
VisualStudioVersion = 15.0.28307.960
MinimumVisualStudioVersion = 10.0.40219.1
Project("{FAE04EC0-301F-11D3-BF4B-00C04F79EFBC}") = "Multiplication Table 2.0", "Multiplication Table 2.0\Multiplication Table 2.0.csproj", "{3EDD4C56-8F8F-4F96-98F2-0EC2A79C09D8}"
EndProject
Global
	GlobalSection(SolutionConfigurationPlatforms) = preSolution
		Debug|Any CPU = Debug|Any CPU
		Release|Any CPU = Release|Any CPU
	EndGlobalSection
	GlobalSection(ProjectConfigurationPlatforms) = postSolution
		{3EDD4C56-8F8F-4F96-98F2-0EC2A79C09D8}.Debug|Any CPU.ActiveCfg = Debug|Any CPU
		{3EDD4C56-8F8F-4F96-98F2-0EC2A79C09D8}.Debug|Any CPU.Build.0 = Debug|Any CPU
		{3EDD4C56-8F8F-4F96-98F2-0EC2A79C09D8}.Release|Any CPU.ActiveCfg = Release|Any CPU
		{3EDD4C56-8F8F-4F96-98F2-0EC2A79C09D8}.Release|Any CPU.Build.0 = Release|Any CPU
	EndGlobalSection
	GlobalSection(SolutionProperties) = preSolution
		HideSolutionNode = FALSE
	EndGlobalSection
	GlobalSection(ExtensibilityGlobals) = postSolution
		SolutionGuid = {61EFD6D1-D659-42AE-9ADF-44DDB9779129}
	EndGlobalSection
EndGlobal
