
Microsoft Visual Studio Solution File, Format Version 12.00
# Visual Studio 15
VisualStudioVersion = 15.0.28307.960
MinimumVisualStudioVersion = 10.0.40219.1
Project("{FAE04EC0-301F-11D3-BF4B-00C04F79EFBC}") = "Character Multiplier", "Character Multiplier\Character Multiplier.csproj", "{A1C785F4-4391-486E-A170-F315426FF606}"
EndProject
Global
	GlobalSection(SolutionConfigurationPlatforms) = preSolution
		Debug|Any CPU = Debug|Any CPU
		Release|Any CPU = Release|Any CPU
	EndGlobalSection
	GlobalSection(ProjectConfigurationPlatforms) = postSolution
		{A1C785F4-4391-486E-A170-F315426FF606}.Debug|Any CPU.ActiveCfg = Debug|Any CPU
		{A1C785F4-4391-486E-A170-F315426FF606}.Debug|Any CPU.Build.0 = Debug|Any CPU
		{A1C785F4-4391-486E-A170-F315426FF606}.Release|Any CPU.ActiveCfg = Release|Any CPU
		{A1C785F4-4391-486E-A170-F315426FF606}.Release|Any CPU.Build.0 = Release|Any CPU
	EndGlobalSection
	GlobalSection(SolutionProperties) = preSolution
		HideSolutionNode = FALSE
	EndGlobalSection
	GlobalSection(ExtensibilityGlobals) = postSolution
		SolutionGuid = {EACD4F92-22C7-40E4-A96E-5DE0EC5EAF24}
	EndGlobalSection
EndGlobal
