
Microsoft Visual Studio Solution File, Format Version 12.00
# Visual Studio 15
VisualStudioVersion = 15.0.28307.960
MinimumVisualStudioVersion = 10.0.40219.1
Project("{FAE04EC0-301F-11D3-BF4B-00C04F79EFBC}") = "Text Filter", "Text Filter\Text Filter.csproj", "{6E32543A-3100-4762-9082-C0B859F84ED6}"
EndProject
Global
	GlobalSection(SolutionConfigurationPlatforms) = preSolution
		Debug|Any CPU = Debug|Any CPU
		Release|Any CPU = Release|Any CPU
	EndGlobalSection
	GlobalSection(ProjectConfigurationPlatforms) = postSolution
		{6E32543A-3100-4762-9082-C0B859F84ED6}.Debug|Any CPU.ActiveCfg = Debug|Any CPU
		{6E32543A-3100-4762-9082-C0B859F84ED6}.Debug|Any CPU.Build.0 = Debug|Any CPU
		{6E32543A-3100-4762-9082-C0B859F84ED6}.Release|Any CPU.ActiveCfg = Release|Any CPU
		{6E32543A-3100-4762-9082-C0B859F84ED6}.Release|Any CPU.Build.0 = Release|Any CPU
	EndGlobalSection
	GlobalSection(SolutionProperties) = preSolution
		HideSolutionNode = FALSE
	EndGlobalSection
	GlobalSection(ExtensibilityGlobals) = postSolution
		SolutionGuid = {FE7309CE-4628-480C-9FC3-D4D411499BEB}
	EndGlobalSection
EndGlobal
