
Microsoft Visual Studio Solution File, Format Version 12.00
# Visual Studio 15
VisualStudioVersion = 15.0.28307.960
MinimumVisualStudioVersion = 10.0.40219.1
Project("{FAE04EC0-301F-11D3-BF4B-00C04F79EFBC}") = "Experience Gaining", "Experience Gaining\Experience Gaining.csproj", "{20C1E899-ADC4-4A81-92F6-7C60A11D5B3D}"
EndProject
Global
	GlobalSection(SolutionConfigurationPlatforms) = preSolution
		Debug|Any CPU = Debug|Any CPU
		Release|Any CPU = Release|Any CPU
	EndGlobalSection
	GlobalSection(ProjectConfigurationPlatforms) = postSolution
		{20C1E899-ADC4-4A81-92F6-7C60A11D5B3D}.Debug|Any CPU.ActiveCfg = Debug|Any CPU
		{20C1E899-ADC4-4A81-92F6-7C60A11D5B3D}.Debug|Any CPU.Build.0 = Debug|Any CPU
		{20C1E899-ADC4-4A81-92F6-7C60A11D5B3D}.Release|Any CPU.ActiveCfg = Release|Any CPU
		{20C1E899-ADC4-4A81-92F6-7C60A11D5B3D}.Release|Any CPU.Build.0 = Release|Any CPU
	EndGlobalSection
	GlobalSection(SolutionProperties) = preSolution
		HideSolutionNode = FALSE
	EndGlobalSection
	GlobalSection(ExtensibilityGlobals) = postSolution
		SolutionGuid = {DFBF3061-9714-4548-92B6-64E16570C8A9}
	EndGlobalSection
EndGlobal
