
Microsoft Visual Studio Solution File, Format Version 12.00
# Visual Studio 15
VisualStudioVersion = 15.0.28307.960
MinimumVisualStudioVersion = 10.0.40219.1
Project("{FAE04EC0-301F-11D3-BF4B-00C04F79EFBC}") = "Count Real Numbers", "Count Real Numbers\Count Real Numbers.csproj", "{67AFB35A-8558-4209-AC98-3BE1A05F237C}"
EndProject
Global
	GlobalSection(SolutionConfigurationPlatforms) = preSolution
		Debug|Any CPU = Debug|Any CPU
		Release|Any CPU = Release|Any CPU
	EndGlobalSection
	GlobalSection(ProjectConfigurationPlatforms) = postSolution
		{67AFB35A-8558-4209-AC98-3BE1A05F237C}.Debug|Any CPU.ActiveCfg = Debug|Any CPU
		{67AFB35A-8558-4209-AC98-3BE1A05F237C}.Debug|Any CPU.Build.0 = Debug|Any CPU
		{67AFB35A-8558-4209-AC98-3BE1A05F237C}.Release|Any CPU.ActiveCfg = Release|Any CPU
		{67AFB35A-8558-4209-AC98-3BE1A05F237C}.Release|Any CPU.Build.0 = Release|Any CPU
	EndGlobalSection
	GlobalSection(SolutionProperties) = preSolution
		HideSolutionNode = FALSE
	EndGlobalSection
	GlobalSection(ExtensibilityGlobals) = postSolution
		SolutionGuid = {B16CB153-C8F6-47CF-8E0B-9F1609A55DDE}
	EndGlobalSection
EndGlobal
