
Microsoft Visual Studio Solution File, Format Version 12.00
# Visual Studio 15
VisualStudioVersion = 15.0.28307.960
MinimumVisualStudioVersion = 10.0.40219.1
Project("{FAE04EC0-301F-11D3-BF4B-00C04F79EFBC}") = "Remove Negatives and", "Remove Negatives and\Remove Negatives and.csproj", "{9619E676-C086-4686-9068-80D81728EE4E}"
EndProject
Global
	GlobalSection(SolutionConfigurationPlatforms) = preSolution
		Debug|Any CPU = Debug|Any CPU
		Release|Any CPU = Release|Any CPU
	EndGlobalSection
	GlobalSection(ProjectConfigurationPlatforms) = postSolution
		{9619E676-C086-4686-9068-80D81728EE4E}.Debug|Any CPU.ActiveCfg = Debug|Any CPU
		{9619E676-C086-4686-9068-80D81728EE4E}.Debug|Any CPU.Build.0 = Debug|Any CPU
		{9619E676-C086-4686-9068-80D81728EE4E}.Release|Any CPU.ActiveCfg = Release|Any CPU
		{9619E676-C086-4686-9068-80D81728EE4E}.Release|Any CPU.Build.0 = Release|Any CPU
	EndGlobalSection
	GlobalSection(SolutionProperties) = preSolution
		HideSolutionNode = FALSE
	EndGlobalSection
	GlobalSection(ExtensibilityGlobals) = postSolution
		SolutionGuid = {20B055C4-C5F2-487E-97D9-609E43E1F4F7}
	EndGlobalSection
EndGlobal
