
Microsoft Visual Studio Solution File, Format Version 12.00
# Visual Studio 15
VisualStudioVersion = 15.0.28307.960
MinimumVisualStudioVersion = 10.0.40219.1
Project("{FAE04EC0-301F-11D3-BF4B-00C04F79EFBC}") = "Triangle of Numbers", "Triangle of Numbers\Triangle of Numbers.csproj", "{C8C9FB5E-8D53-4F3F-8959-0793F3DA331C}"
EndProject
Global
	GlobalSection(SolutionConfigurationPlatforms) = preSolution
		Debug|Any CPU = Debug|Any CPU
		Release|Any CPU = Release|Any CPU
	EndGlobalSection
	GlobalSection(ProjectConfigurationPlatforms) = postSolution
		{C8C9FB5E-8D53-4F3F-8959-0793F3DA331C}.Debug|Any CPU.ActiveCfg = Debug|Any CPU
		{C8C9FB5E-8D53-4F3F-8959-0793F3DA331C}.Debug|Any CPU.Build.0 = Debug|Any CPU
		{C8C9FB5E-8D53-4F3F-8959-0793F3DA331C}.Release|Any CPU.ActiveCfg = Release|Any CPU
		{C8C9FB5E-8D53-4F3F-8959-0793F3DA331C}.Release|Any CPU.Build.0 = Release|Any CPU
	EndGlobalSection
	GlobalSection(SolutionProperties) = preSolution
		HideSolutionNode = FALSE
	EndGlobalSection
	GlobalSection(ExtensibilityGlobals) = postSolution
		SolutionGuid = {0F4816DA-4576-454C-8C40-4C34E36746B3}
	EndGlobalSection
EndGlobal
