
Microsoft Visual Studio Solution File, Format Version 12.00
# Visual Studio 15
VisualStudioVersion = 15.0.28307.960
MinimumVisualStudioVersion = 10.0.40219.1
Project("{FAE04EC0-301F-11D3-BF4B-00C04F79EFBC}") = "Replace Repeating Chars", "Replace Repeating Chars\Replace Repeating Chars.csproj", "{A033F75E-3791-49E3-9C47-350D8684D7BE}"
EndProject
Global
	GlobalSection(SolutionConfigurationPlatforms) = preSolution
		Debug|Any CPU = Debug|Any CPU
		Release|Any CPU = Release|Any CPU
	EndGlobalSection
	GlobalSection(ProjectConfigurationPlatforms) = postSolution
		{A033F75E-3791-49E3-9C47-350D8684D7BE}.Debug|Any CPU.ActiveCfg = Debug|Any CPU
		{A033F75E-3791-49E3-9C47-350D8684D7BE}.Debug|Any CPU.Build.0 = Debug|Any CPU
		{A033F75E-3791-49E3-9C47-350D8684D7BE}.Release|Any CPU.ActiveCfg = Release|Any CPU
		{A033F75E-3791-49E3-9C47-350D8684D7BE}.Release|Any CPU.Build.0 = Release|Any CPU
	EndGlobalSection
	GlobalSection(SolutionProperties) = preSolution
		HideSolutionNode = FALSE
	EndGlobalSection
	GlobalSection(ExtensibilityGlobals) = postSolution
		SolutionGuid = {49186D55-EDF0-44E2-AAE8-9871E59565D6}
	EndGlobalSection
EndGlobal
