
Microsoft Visual Studio Solution File, Format Version 12.00
# Visual Studio 15
VisualStudioVersion = 15.0.28307.960
MinimumVisualStudioVersion = 10.0.40219.1
Project("{FAE04EC0-301F-11D3-BF4B-00C04F79EFBC}") = "Legendary Farming", "Legendary Farming\Legendary Farming.csproj", "{0E3BC5DC-5F22-4F14-A566-22A48265A71E}"
EndProject
Global
	GlobalSection(SolutionConfigurationPlatforms) = preSolution
		Debug|Any CPU = Debug|Any CPU
		Release|Any CPU = Release|Any CPU
	EndGlobalSection
	GlobalSection(ProjectConfigurationPlatforms) = postSolution
		{0E3BC5DC-5F22-4F14-A566-22A48265A71E}.Debug|Any CPU.ActiveCfg = Debug|Any CPU
		{0E3BC5DC-5F22-4F14-A566-22A48265A71E}.Debug|Any CPU.Build.0 = Debug|Any CPU
		{0E3BC5DC-5F22-4F14-A566-22A48265A71E}.Release|Any CPU.ActiveCfg = Release|Any CPU
		{0E3BC5DC-5F22-4F14-A566-22A48265A71E}.Release|Any CPU.Build.0 = Release|Any CPU
	EndGlobalSection
	GlobalSection(SolutionProperties) = preSolution
		HideSolutionNode = FALSE
	EndGlobalSection
	GlobalSection(ExtensibilityGlobals) = postSolution
		SolutionGuid = {2810CDA0-0DD4-48DE-BB71-3343D0916B1D}
	EndGlobalSection
EndGlobal
