
Microsoft Visual Studio Solution File, Format Version 12.00
# Visual Studio 15
VisualStudioVersion = 15.0.28307.960
MinimumVisualStudioVersion = 10.0.40219.1
Project("{FAE04EC0-301F-11D3-BF4B-00C04F79EFBC}") = "Smallest of Three Numbers", "Smallest of Three Numbers\Smallest of Three Numbers.csproj", "{23E8A2E9-81BA-4470-9D41-487FFD48484E}"
EndProject
Global
	GlobalSection(SolutionConfigurationPlatforms) = preSolution
		Debug|Any CPU = Debug|Any CPU
		Release|Any CPU = Release|Any CPU
	EndGlobalSection
	GlobalSection(ProjectConfigurationPlatforms) = postSolution
		{23E8A2E9-81BA-4470-9D41-487FFD48484E}.Debug|Any CPU.ActiveCfg = Debug|Any CPU
		{23E8A2E9-81BA-4470-9D41-487FFD48484E}.Debug|Any CPU.Build.0 = Debug|Any CPU
		{23E8A2E9-81BA-4470-9D41-487FFD48484E}.Release|Any CPU.ActiveCfg = Release|Any CPU
		{23E8A2E9-81BA-4470-9D41-487FFD48484E}.Release|Any CPU.Build.0 = Release|Any CPU
	EndGlobalSection
	GlobalSection(SolutionProperties) = preSolution
		HideSolutionNode = FALSE
	EndGlobalSection
	GlobalSection(ExtensibilityGlobals) = postSolution
		SolutionGuid = {52846CB1-7CE9-4400-8069-9A251243120F}
	EndGlobalSection
EndGlobal
