
Microsoft Visual Studio Solution File, Format Version 12.00
# Visual Studio 15
VisualStudioVersion = 15.0.28307.960
MinimumVisualStudioVersion = 10.0.40219.1
Project("{FAE04EC0-301F-11D3-BF4B-00C04F79EFBC}") = "Articles", "Articles\Articles.csproj", "{9FF79684-65F0-4E92-AB17-7C7E5FB3B1CF}"
EndProject
Global
	GlobalSection(SolutionConfigurationPlatforms) = preSolution
		Debug|Any CPU = Debug|Any CPU
		Release|Any CPU = Release|Any CPU
	EndGlobalSection
	GlobalSection(ProjectConfigurationPlatforms) = postSolution
		{9FF79684-65F0-4E92-AB17-7C7E5FB3B1CF}.Debug|Any CPU.ActiveCfg = Debug|Any CPU
		{9FF79684-65F0-4E92-AB17-7C7E5FB3B1CF}.Debug|Any CPU.Build.0 = Debug|Any CPU
		{9FF79684-65F0-4E92-AB17-7C7E5FB3B1CF}.Release|Any CPU.ActiveCfg = Release|Any CPU
		{9FF79684-65F0-4E92-AB17-7C7E5FB3B1CF}.Release|Any CPU.Build.0 = Release|Any CPU
	EndGlobalSection
	GlobalSection(SolutionProperties) = preSolution
		HideSolutionNode = FALSE
	EndGlobalSection
	GlobalSection(ExtensibilityGlobals) = postSolution
		SolutionGuid = {F523EF9D-E1A9-479E-B8EF-FAD06B856642}
	EndGlobalSection
EndGlobal
