
Microsoft Visual Studio Solution File, Format Version 12.00
# Visual Studio 15
VisualStudioVersion = 15.0.28307.960
MinimumVisualStudioVersion = 10.0.40219.1
Project("{FAE04EC0-301F-11D3-BF4B-00C04F79EFBC}") = "Middle Characters", "Middle Characters\Middle Characters.csproj", "{A1AC3D19-BA60-4E18-B6DA-835181E216D6}"
EndProject
Global
	GlobalSection(SolutionConfigurationPlatforms) = preSolution
		Debug|Any CPU = Debug|Any CPU
		Release|Any CPU = Release|Any CPU
	EndGlobalSection
	GlobalSection(ProjectConfigurationPlatforms) = postSolution
		{A1AC3D19-BA60-4E18-B6DA-835181E216D6}.Debug|Any CPU.ActiveCfg = Debug|Any CPU
		{A1AC3D19-BA60-4E18-B6DA-835181E216D6}.Debug|Any CPU.Build.0 = Debug|Any CPU
		{A1AC3D19-BA60-4E18-B6DA-835181E216D6}.Release|Any CPU.ActiveCfg = Release|Any CPU
		{A1AC3D19-BA60-4E18-B6DA-835181E216D6}.Release|Any CPU.Build.0 = Release|Any CPU
	EndGlobalSection
	GlobalSection(SolutionProperties) = preSolution
		HideSolutionNode = FALSE
	EndGlobalSection
	GlobalSection(ExtensibilityGlobals) = postSolution
		SolutionGuid = {75A6D8E7-94A8-401C-AA0B-89E1CE9258D4}
	EndGlobalSection
EndGlobal
