
Microsoft Visual Studio Solution File, Format Version 12.00
# Visual Studio 15
VisualStudioVersion = 15.0.28307.960
MinimumVisualStudioVersion = 10.0.40219.1
Project("{FAE04EC0-301F-11D3-BF4B-00C04F79EFBC}") = "List Manipulation Basics", "List Manipulation Basics\List Manipulation Basics.csproj", "{CD765AC4-D558-4FE5-9E2E-A37B7E4F8AFA}"
EndProject
Global
	GlobalSection(SolutionConfigurationPlatforms) = preSolution
		Debug|Any CPU = Debug|Any CPU
		Release|Any CPU = Release|Any CPU
	EndGlobalSection
	GlobalSection(ProjectConfigurationPlatforms) = postSolution
		{CD765AC4-D558-4FE5-9E2E-A37B7E4F8AFA}.Debug|Any CPU.ActiveCfg = Debug|Any CPU
		{CD765AC4-D558-4FE5-9E2E-A37B7E4F8AFA}.Debug|Any CPU.Build.0 = Debug|Any CPU
		{CD765AC4-D558-4FE5-9E2E-A37B7E4F8AFA}.Release|Any CPU.ActiveCfg = Release|Any CPU
		{CD765AC4-D558-4FE5-9E2E-A37B7E4F8AFA}.Release|Any CPU.Build.0 = Release|Any CPU
	EndGlobalSection
	GlobalSection(SolutionProperties) = preSolution
		HideSolutionNode = FALSE
	EndGlobalSection
	GlobalSection(ExtensibilityGlobals) = postSolution
		SolutionGuid = {A9A5CACD-6731-43F4-A952-40B1C3C7AB86}
	EndGlobalSection
EndGlobal
