
Microsoft Visual Studio Solution File, Format Version 12.00
# Visual Studio 15
VisualStudioVersion = 15.0.28307.960
MinimumVisualStudioVersion = 10.0.40219.1
Project("{FAE04EC0-301F-11D3-BF4B-00C04F79EFBC}") = "Multiplication Table", "Multiplication Table\Multiplication Table.csproj", "{5E8BC157-8468-4C8E-9FA3-07D34E6EC0ED}"
EndProject
Global
	GlobalSection(SolutionConfigurationPlatforms) = preSolution
		Debug|Any CPU = Debug|Any CPU
		Release|Any CPU = Release|Any CPU
	EndGlobalSection
	GlobalSection(ProjectConfigurationPlatforms) = postSolution
		{5E8BC157-8468-4C8E-9FA3-07D34E6EC0ED}.Debug|Any CPU.ActiveCfg = Debug|Any CPU
		{5E8BC157-8468-4C8E-9FA3-07D34E6EC0ED}.Debug|Any CPU.Build.0 = Debug|Any CPU
		{5E8BC157-8468-4C8E-9FA3-07D34E6EC0ED}.Release|Any CPU.ActiveCfg = Release|Any CPU
		{5E8BC157-8468-4C8E-9FA3-07D34E6EC0ED}.Release|Any CPU.Build.0 = Release|Any CPU
	EndGlobalSection
	GlobalSection(SolutionProperties) = preSolution
		HideSolutionNode = FALSE
	EndGlobalSection
	GlobalSection(ExtensibilityGlobals) = postSolution
		SolutionGuid = {26D30657-2BCD-43D7-813B-097DA6D30049}
	EndGlobalSection
EndGlobal
