
Microsoft Visual Studio Solution File, Format Version 12.00
# Visual Studio 15
VisualStudioVersion = 15.0.28307.960
MinimumVisualStudioVersion = 10.0.40219.1
Project("{FAE04EC0-301F-11D3-BF4B-00C04F79EFBC}") = "Foreign Languages", "Foreign Languages\Foreign Languages.csproj", "{71C06515-C8F7-4E20-9A04-B1650F8750F9}"
EndProject
Global
	GlobalSection(SolutionConfigurationPlatforms) = preSolution
		Debug|Any CPU = Debug|Any CPU
		Release|Any CPU = Release|Any CPU
	EndGlobalSection
	GlobalSection(ProjectConfigurationPlatforms) = postSolution
		{71C06515-C8F7-4E20-9A04-B1650F8750F9}.Debug|Any CPU.ActiveCfg = Debug|Any CPU
		{71C06515-C8F7-4E20-9A04-B1650F8750F9}.Debug|Any CPU.Build.0 = Debug|Any CPU
		{71C06515-C8F7-4E20-9A04-B1650F8750F9}.Release|Any CPU.ActiveCfg = Release|Any CPU
		{71C06515-C8F7-4E20-9A04-B1650F8750F9}.Release|Any CPU.Build.0 = Release|Any CPU
	EndGlobalSection
	GlobalSection(SolutionProperties) = preSolution
		HideSolutionNode = FALSE
	EndGlobalSection
	GlobalSection(ExtensibilityGlobals) = postSolution
		SolutionGuid = {86E01299-CCD8-400B-8612-A6A9176F6A36}
	EndGlobalSection
EndGlobal
