
Microsoft Visual Studio Solution File, Format Version 12.00
# Visual Studio 15
VisualStudioVersion = 15.0.28307.960
MinimumVisualStudioVersion = 10.0.40219.1
Project("{FAE04EC0-301F-11D3-BF4B-00C04F79EFBC}") = "Day of Week", "Day of Week\Day of Week.csproj", "{77BDE011-74D3-44B6-A57E-7AE5704EFA4D}"
EndProject
Global
	GlobalSection(SolutionConfigurationPlatforms) = preSolution
		Debug|Any CPU = Debug|Any CPU
		Release|Any CPU = Release|Any CPU
	EndGlobalSection
	GlobalSection(ProjectConfigurationPlatforms) = postSolution
		{77BDE011-74D3-44B6-A57E-7AE5704EFA4D}.Debug|Any CPU.ActiveCfg = Debug|Any CPU
		{77BDE011-74D3-44B6-A57E-7AE5704EFA4D}.Debug|Any CPU.Build.0 = Debug|Any CPU
		{77BDE011-74D3-44B6-A57E-7AE5704EFA4D}.Release|Any CPU.ActiveCfg = Release|Any CPU
		{77BDE011-74D3-44B6-A57E-7AE5704EFA4D}.Release|Any CPU.Build.0 = Release|Any CPU
	EndGlobalSection
	GlobalSection(SolutionProperties) = preSolution
		HideSolutionNode = FALSE
	EndGlobalSection
	GlobalSection(ExtensibilityGlobals) = postSolution
		SolutionGuid = {F810B4C0-CD0B-48B1-814C-DC825A450693}
	EndGlobalSection
EndGlobal
