
Microsoft Visual Studio Solution File, Format Version 12.00
# Visual Studio 15
VisualStudioVersion = 15.0.28307.421
MinimumVisualStudioVersion = 10.0.40219.1
Project("{FAE04EC0-301F-11D3-BF4B-00C04F79EFBC}") = "Sum of Chars", "Sum of Chars\Sum of Chars.csproj", "{AB2E3A87-934A-42F2-B57A-B80B9E1C74B1}"
EndProject
Global
	GlobalSection(SolutionConfigurationPlatforms) = preSolution
		Debug|Any CPU = Debug|Any CPU
		Release|Any CPU = Release|Any CPU
	EndGlobalSection
	GlobalSection(ProjectConfigurationPlatforms) = postSolution
		{AB2E3A87-934A-42F2-B57A-B80B9E1C74B1}.Debug|Any CPU.ActiveCfg = Debug|Any CPU
		{AB2E3A87-934A-42F2-B57A-B80B9E1C74B1}.Debug|Any CPU.Build.0 = Debug|Any CPU
		{AB2E3A87-934A-42F2-B57A-B80B9E1C74B1}.Release|Any CPU.ActiveCfg = Release|Any CPU
		{AB2E3A87-934A-42F2-B57A-B80B9E1C74B1}.Release|Any CPU.Build.0 = Release|Any CPU
	EndGlobalSection
	GlobalSection(SolutionProperties) = preSolution
		HideSolutionNode = FALSE
	EndGlobalSection
	GlobalSection(ExtensibilityGlobals) = postSolution
		SolutionGuid = {0D25EB68-55B6-4713-ADE9-A2F47931A5E4}
	EndGlobalSection
EndGlobal
