
Microsoft Visual Studio Solution File, Format Version 12.00
# Visual Studio 15
VisualStudioVersion = 15.0.28307.960
MinimumVisualStudioVersion = 10.0.40219.1
Project("{FAE04EC0-301F-11D3-BF4B-00C04F79EFBC}") = "Students", "Students\Students.csproj", "{F8B7F3F4-6FDC-405D-88C8-A5D4ADCEA4DE}"
EndProject
Global
	GlobalSection(SolutionConfigurationPlatforms) = preSolution
		Debug|Any CPU = Debug|Any CPU
		Release|Any CPU = Release|Any CPU
	EndGlobalSection
	GlobalSection(ProjectConfigurationPlatforms) = postSolution
		{F8B7F3F4-6FDC-405D-88C8-A5D4ADCEA4DE}.Debug|Any CPU.ActiveCfg = Debug|Any CPU
		{F8B7F3F4-6FDC-405D-88C8-A5D4ADCEA4DE}.Debug|Any CPU.Build.0 = Debug|Any CPU
		{F8B7F3F4-6FDC-405D-88C8-A5D4ADCEA4DE}.Release|Any CPU.ActiveCfg = Release|Any CPU
		{F8B7F3F4-6FDC-405D-88C8-A5D4ADCEA4DE}.Release|Any CPU.Build.0 = Release|Any CPU
	EndGlobalSection
	GlobalSection(SolutionProperties) = preSolution
		HideSolutionNode = FALSE
	EndGlobalSection
	GlobalSection(ExtensibilityGlobals) = postSolution
		SolutionGuid = {15CD251B-2F16-4D1A-8010-EE490A6AF4C0}
	EndGlobalSection
EndGlobal
