
Microsoft Visual Studio Solution File, Format Version 12.00
# Visual Studio 15
VisualStudioVersion = 15.0.28307.960
MinimumVisualStudioVersion = 10.0.40219.1
Project("{FAE04EC0-301F-11D3-BF4B-00C04F79EFBC}") = "Songs", "Songs\Songs.csproj", "{FCC7E26B-3ECD-456A-BAE7-FACB17711542}"
EndProject
Global
	GlobalSection(SolutionConfigurationPlatforms) = preSolution
		Debug|Any CPU = Debug|Any CPU
		Release|Any CPU = Release|Any CPU
	EndGlobalSection
	GlobalSection(ProjectConfigurationPlatforms) = postSolution
		{FCC7E26B-3ECD-456A-BAE7-FACB17711542}.Debug|Any CPU.ActiveCfg = Debug|Any CPU
		{FCC7E26B-3ECD-456A-BAE7-FACB17711542}.Debug|Any CPU.Build.0 = Debug|Any CPU
		{FCC7E26B-3ECD-456A-BAE7-FACB17711542}.Release|Any CPU.ActiveCfg = Release|Any CPU
		{FCC7E26B-3ECD-456A-BAE7-FACB17711542}.Release|Any CPU.Build.0 = Release|Any CPU
	EndGlobalSection
	GlobalSection(SolutionProperties) = preSolution
		HideSolutionNode = FALSE
	EndGlobalSection
	GlobalSection(ExtensibilityGlobals) = postSolution
		SolutionGuid = {9A01F6A1-8641-4ABF-A1F5-C488645C6AA2}
	EndGlobalSection
EndGlobal
