
Microsoft Visual Studio Solution File, Format Version 12.00
# Visual Studio 15
VisualStudioVersion = 15.0.28307.960
MinimumVisualStudioVersion = 10.0.40219.1
Project("{FAE04EC0-301F-11D3-BF4B-00C04F79EFBC}") = "Courses", "Courses\Courses.csproj", "{B8E66AF4-B9D3-4330-9296-9860D8FAFD4D}"
EndProject
Global
	GlobalSection(SolutionConfigurationPlatforms) = preSolution
		Debug|Any CPU = Debug|Any CPU
		Release|Any CPU = Release|Any CPU
	EndGlobalSection
	GlobalSection(ProjectConfigurationPlatforms) = postSolution
		{B8E66AF4-B9D3-4330-9296-9860D8FAFD4D}.Debug|Any CPU.ActiveCfg = Debug|Any CPU
		{B8E66AF4-B9D3-4330-9296-9860D8FAFD4D}.Debug|Any CPU.Build.0 = Debug|Any CPU
		{B8E66AF4-B9D3-4330-9296-9860D8FAFD4D}.Release|Any CPU.ActiveCfg = Release|Any CPU
		{B8E66AF4-B9D3-4330-9296-9860D8FAFD4D}.Release|Any CPU.Build.0 = Release|Any CPU
	EndGlobalSection
	GlobalSection(SolutionProperties) = preSolution
		HideSolutionNode = FALSE
	EndGlobalSection
	GlobalSection(ExtensibilityGlobals) = postSolution
		SolutionGuid = {6AA43C88-FFA3-4ACA-B64D-68E40AC1453B}
	EndGlobalSection
EndGlobal
