
Microsoft Visual Studio Solution File, Format Version 12.00
# Visual Studio 15
VisualStudioVersion = 15.0.28307.960
MinimumVisualStudioVersion = 10.0.40219.1
Project("{FAE04EC0-301F-11D3-BF4B-00C04F79EFBC}") = "Back In 30 Minutes", "Back In 30 Minutes\Back In 30 Minutes.csproj", "{A3CD5693-D381-4AFE-97AC-F988F63A29EF}"
EndProject
Global
	GlobalSection(SolutionConfigurationPlatforms) = preSolution
		Debug|Any CPU = Debug|Any CPU
		Release|Any CPU = Release|Any CPU
	EndGlobalSection
	GlobalSection(ProjectConfigurationPlatforms) = postSolution
		{A3CD5693-D381-4AFE-97AC-F988F63A29EF}.Debug|Any CPU.ActiveCfg = Debug|Any CPU
		{A3CD5693-D381-4AFE-97AC-F988F63A29EF}.Debug|Any CPU.Build.0 = Debug|Any CPU
		{A3CD5693-D381-4AFE-97AC-F988F63A29EF}.Release|Any CPU.ActiveCfg = Release|Any CPU
		{A3CD5693-D381-4AFE-97AC-F988F63A29EF}.Release|Any CPU.Build.0 = Release|Any CPU
	EndGlobalSection
	GlobalSection(SolutionProperties) = preSolution
		HideSolutionNode = FALSE
	EndGlobalSection
	GlobalSection(ExtensibilityGlobals) = postSolution
		SolutionGuid = {583EA414-B402-4173-B7F4-AF6577CE91C2}
	EndGlobalSection
EndGlobal
