
Microsoft Visual Studio Solution File, Format Version 12.00
# Visual Studio 15
VisualStudioVersion = 15.0.28307.960
MinimumVisualStudioVersion = 10.0.40219.1
Project("{FAE04EC0-301F-11D3-BF4B-00C04F79EFBC}") = "Sum Digits", "Sum Digits\Sum Digits.csproj", "{D656C14E-CF74-4603-B377-9C98B96D788B}"
EndProject
Global
	GlobalSection(SolutionConfigurationPlatforms) = preSolution
		Debug|Any CPU = Debug|Any CPU
		Release|Any CPU = Release|Any CPU
	EndGlobalSection
	GlobalSection(ProjectConfigurationPlatforms) = postSolution
		{D656C14E-CF74-4603-B377-9C98B96D788B}.Debug|Any CPU.ActiveCfg = Debug|Any CPU
		{D656C14E-CF74-4603-B377-9C98B96D788B}.Debug|Any CPU.Build.0 = Debug|Any CPU
		{D656C14E-CF74-4603-B377-9C98B96D788B}.Release|Any CPU.ActiveCfg = Release|Any CPU
		{D656C14E-CF74-4603-B377-9C98B96D788B}.Release|Any CPU.Build.0 = Release|Any CPU
	EndGlobalSection
	GlobalSection(SolutionProperties) = preSolution
		HideSolutionNode = FALSE
	EndGlobalSection
	GlobalSection(ExtensibilityGlobals) = postSolution
		SolutionGuid = {FC6A9322-EA43-448F-99D4-1B9B7948119C}
	EndGlobalSection
EndGlobal
