
Microsoft Visual Studio Solution File, Format Version 12.00
# Visual Studio 15
VisualStudioVersion = 15.0.28307.960
MinimumVisualStudioVersion = 10.0.40219.1
Project("{FAE04EC0-301F-11D3-BF4B-00C04F79EFBC}") = "Order by Age", "Order by Age\Order by Age.csproj", "{3CC187DA-93FE-4655-BF70-27111FC9A235}"
EndProject
Global
	GlobalSection(SolutionConfigurationPlatforms) = preSolution
		Debug|Any CPU = Debug|Any CPU
		Release|Any CPU = Release|Any CPU
	EndGlobalSection
	GlobalSection(ProjectConfigurationPlatforms) = postSolution
		{3CC187DA-93FE-4655-BF70-27111FC9A235}.Debug|Any CPU.ActiveCfg = Debug|Any CPU
		{3CC187DA-93FE-4655-BF70-27111FC9A235}.Debug|Any CPU.Build.0 = Debug|Any CPU
		{3CC187DA-93FE-4655-BF70-27111FC9A235}.Release|Any CPU.ActiveCfg = Release|Any CPU
		{3CC187DA-93FE-4655-BF70-27111FC9A235}.Release|Any CPU.Build.0 = Release|Any CPU
	EndGlobalSection
	GlobalSection(SolutionProperties) = preSolution
		HideSolutionNode = FALSE
	EndGlobalSection
	GlobalSection(ExtensibilityGlobals) = postSolution
		SolutionGuid = {EBFD7DDA-2137-463A-9229-CF0C58EE7559}
	EndGlobalSection
EndGlobal
