
Microsoft Visual Studio Solution File, Format Version 12.00
# Visual Studio 15
VisualStudioVersion = 15.0.28307.960
MinimumVisualStudioVersion = 10.0.40219.1
Project("{FAE04EC0-301F-11D3-BF4B-00C04F79EFBC}") = "Division", "Division\Division.csproj", "{DB0EEBDC-ECAA-4D4C-837B-00AC721005AD}"
EndProject
Global
	GlobalSection(SolutionConfigurationPlatforms) = preSolution
		Debug|Any CPU = Debug|Any CPU
		Release|Any CPU = Release|Any CPU
	EndGlobalSection
	GlobalSection(ProjectConfigurationPlatforms) = postSolution
		{DB0EEBDC-ECAA-4D4C-837B-00AC721005AD}.Debug|Any CPU.ActiveCfg = Debug|Any CPU
		{DB0EEBDC-ECAA-4D4C-837B-00AC721005AD}.Debug|Any CPU.Build.0 = Debug|Any CPU
		{DB0EEBDC-ECAA-4D4C-837B-00AC721005AD}.Release|Any CPU.ActiveCfg = Release|Any CPU
		{DB0EEBDC-ECAA-4D4C-837B-00AC721005AD}.Release|Any CPU.Build.0 = Release|Any CPU
	EndGlobalSection
	GlobalSection(SolutionProperties) = preSolution
		HideSolutionNode = FALSE
	EndGlobalSection
	GlobalSection(ExtensibilityGlobals) = postSolution
		SolutionGuid = {083262EC-C253-47C8-8647-AD9AD963E6E5}
	EndGlobalSection
EndGlobal
