
Microsoft Visual Studio Solution File, Format Version 12.00
# Visual Studio 15
VisualStudioVersion = 15.0.28307.960
MinimumVisualStudioVersion = 10.0.40219.1
Project("{FAE04EC0-301F-11D3-BF4B-00C04F79EFBC}") = "Elevator", "Elevator\Elevator.csproj", "{DBEBECE0-CB06-4E1D-88DF-33FF13D40E94}"
EndProject
Global
	GlobalSection(SolutionConfigurationPlatforms) = preSolution
		Debug|Any CPU = Debug|Any CPU
		Release|Any CPU = Release|Any CPU
	EndGlobalSection
	GlobalSection(ProjectConfigurationPlatforms) = postSolution
		{DBEBECE0-CB06-4E1D-88DF-33FF13D40E94}.Debug|Any CPU.ActiveCfg = Debug|Any CPU
		{DBEBECE0-CB06-4E1D-88DF-33FF13D40E94}.Debug|Any CPU.Build.0 = Debug|Any CPU
		{DBEBECE0-CB06-4E1D-88DF-33FF13D40E94}.Release|Any CPU.ActiveCfg = Release|Any CPU
		{DBEBECE0-CB06-4E1D-88DF-33FF13D40E94}.Release|Any CPU.Build.0 = Release|Any CPU
	EndGlobalSection
	GlobalSection(SolutionProperties) = preSolution
		HideSolutionNode = FALSE
	EndGlobalSection
	GlobalSection(ExtensibilityGlobals) = postSolution
		SolutionGuid = {F9208B98-9E7E-499E-81EB-972AE93D52D1}
	EndGlobalSection
EndGlobal
