
Microsoft Visual Studio Solution File, Format Version 12.00
# Visual Studio 15
VisualStudioVersion = 15.0.28307.960
MinimumVisualStudioVersion = 10.0.40219.1
Project("{FAE04EC0-301F-11D3-BF4B-00C04F79EFBC}") = "Friendlist Maintenance", "Friendlist Maintenance\Friendlist Maintenance.csproj", "{EBD09A82-DF6C-4310-ADC4-04152CF31F3A}"
EndProject
Global
	GlobalSection(SolutionConfigurationPlatforms) = preSolution
		Debug|Any CPU = Debug|Any CPU
		Release|Any CPU = Release|Any CPU
	EndGlobalSection
	GlobalSection(ProjectConfigurationPlatforms) = postSolution
		{EBD09A82-DF6C-4310-ADC4-04152CF31F3A}.Debug|Any CPU.ActiveCfg = Debug|Any CPU
		{EBD09A82-DF6C-4310-ADC4-04152CF31F3A}.Debug|Any CPU.Build.0 = Debug|Any CPU
		{EBD09A82-DF6C-4310-ADC4-04152CF31F3A}.Release|Any CPU.ActiveCfg = Release|Any CPU
		{EBD09A82-DF6C-4310-ADC4-04152CF31F3A}.Release|Any CPU.Build.0 = Release|Any CPU
	EndGlobalSection
	GlobalSection(SolutionProperties) = preSolution
		HideSolutionNode = FALSE
	EndGlobalSection
	GlobalSection(ExtensibilityGlobals) = postSolution
		SolutionGuid = {29B80370-8493-453F-AEC9-BD7796A896A0}
	EndGlobalSection
EndGlobal
