
Microsoft Visual Studio Solution File, Format Version 12.00
# Visual Studio 15
VisualStudioVersion = 15.0.28307.960
MinimumVisualStudioVersion = 10.0.40219.1
Project("{FAE04EC0-301F-11D3-BF4B-00C04F79EFBC}") = "Advertisement Message", "Advertisement Message\Advertisement Message.csproj", "{CD5AC7E3-5A49-4ED7-82B8-EFE919470756}"
EndProject
Global
	GlobalSection(SolutionConfigurationPlatforms) = preSolution
		Debug|Any CPU = Debug|Any CPU
		Release|Any CPU = Release|Any CPU
	EndGlobalSection
	GlobalSection(ProjectConfigurationPlatforms) = postSolution
		{CD5AC7E3-5A49-4ED7-82B8-EFE919470756}.Debug|Any CPU.ActiveCfg = Debug|Any CPU
		{CD5AC7E3-5A49-4ED7-82B8-EFE919470756}.Debug|Any CPU.Build.0 = Debug|Any CPU
		{CD5AC7E3-5A49-4ED7-82B8-EFE919470756}.Release|Any CPU.ActiveCfg = Release|Any CPU
		{CD5AC7E3-5A49-4ED7-82B8-EFE919470756}.Release|Any CPU.Build.0 = Release|Any CPU
	EndGlobalSection
	GlobalSection(SolutionProperties) = preSolution
		HideSolutionNode = FALSE
	EndGlobalSection
	GlobalSection(ExtensibilityGlobals) = postSolution
		SolutionGuid = {447C0998-1D79-45D9-B8E9-9711CD020C2B}
	EndGlobalSection
EndGlobal
