
Microsoft Visual Studio Solution File, Format Version 12.00
# Visual Studio 15
VisualStudioVersion = 15.0.28307.960
MinimumVisualStudioVersion = 10.0.40219.1
Project("{FAE04EC0-301F-11D3-BF4B-00C04F79EFBC}") = "Store Boxes", "Store Boxes\Store Boxes.csproj", "{6A5A4743-3576-4B1E-BBB5-CD05E0956AC6}"
EndProject
Global
	GlobalSection(SolutionConfigurationPlatforms) = preSolution
		Debug|Any CPU = Debug|Any CPU
		Release|Any CPU = Release|Any CPU
	EndGlobalSection
	GlobalSection(ProjectConfigurationPlatforms) = postSolution
		{6A5A4743-3576-4B1E-BBB5-CD05E0956AC6}.Debug|Any CPU.ActiveCfg = Debug|Any CPU
		{6A5A4743-3576-4B1E-BBB5-CD05E0956AC6}.Debug|Any CPU.Build.0 = Debug|Any CPU
		{6A5A4743-3576-4B1E-BBB5-CD05E0956AC6}.Release|Any CPU.ActiveCfg = Release|Any CPU
		{6A5A4743-3576-4B1E-BBB5-CD05E0956AC6}.Release|Any CPU.Build.0 = Release|Any CPU
	EndGlobalSection
	GlobalSection(SolutionProperties) = preSolution
		HideSolutionNode = FALSE
	EndGlobalSection
	GlobalSection(ExtensibilityGlobals) = postSolution
		SolutionGuid = {EB6A3046-BA93-4381-8ED6-21DE7AAD0568}
	EndGlobalSection
EndGlobal
