
Microsoft Visual Studio Solution File, Format Version 12.00
# Visual Studio 15
VisualStudioVersion = 15.0.28307.960
MinimumVisualStudioVersion = 10.0.40219.1
Project("{FAE04EC0-301F-11D3-BF4B-00C04F79EFBC}") = "Condense Array to Number", "Condense Array to Number\Condense Array to Number.csproj", "{93B00E5F-B486-4C86-8163-E4D1047C90ED}"
EndProject
Global
	GlobalSection(SolutionConfigurationPlatforms) = preSolution
		Debug|Any CPU = Debug|Any CPU
		Release|Any CPU = Release|Any CPU
	EndGlobalSection
	GlobalSection(ProjectConfigurationPlatforms) = postSolution
		{93B00E5F-B486-4C86-8163-E4D1047C90ED}.Debug|Any CPU.ActiveCfg = Debug|Any CPU
		{93B00E5F-B486-4C86-8163-E4D1047C90ED}.Debug|Any CPU.Build.0 = Debug|Any CPU
		{93B00E5F-B486-4C86-8163-E4D1047C90ED}.Release|Any CPU.ActiveCfg = Release|Any CPU
		{93B00E5F-B486-4C86-8163-E4D1047C90ED}.Release|Any CPU.Build.0 = Release|Any CPU
	EndGlobalSection
	GlobalSection(SolutionProperties) = preSolution
		HideSolutionNode = FALSE
	EndGlobalSection
	GlobalSection(ExtensibilityGlobals) = postSolution
		SolutionGuid = {C7D4C00E-CC06-439F-AB89-4E6059F481D8}
	EndGlobalSection
EndGlobal
