
Microsoft Visual Studio Solution File, Format Version 12.00
# Visual Studio 15
VisualStudioVersion = 15.0.28307.421
MinimumVisualStudioVersion = 10.0.40219.1
Project("{FAE04EC0-301F-11D3-BF4B-00C04F79EFBC}") = "Poke Mon", "Poke Mon\Poke Mon.csproj", "{65306864-4655-4175-A5B7-D64B168DE31E}"
EndProject
Global
	GlobalSection(SolutionConfigurationPlatforms) = preSolution
		Debug|Any CPU = Debug|Any CPU
		Release|Any CPU = Release|Any CPU
	EndGlobalSection
	GlobalSection(ProjectConfigurationPlatforms) = postSolution
		{65306864-4655-4175-A5B7-D64B168DE31E}.Debug|Any CPU.ActiveCfg = Debug|Any CPU
		{65306864-4655-4175-A5B7-D64B168DE31E}.Debug|Any CPU.Build.0 = Debug|Any CPU
		{65306864-4655-4175-A5B7-D64B168DE31E}.Release|Any CPU.ActiveCfg = Release|Any CPU
		{65306864-4655-4175-A5B7-D64B168DE31E}.Release|Any CPU.Build.0 = Release|Any CPU
	EndGlobalSection
	GlobalSection(SolutionProperties) = preSolution
		HideSolutionNode = FALSE
	EndGlobalSection
	GlobalSection(ExtensibilityGlobals) = postSolution
		SolutionGuid = {B0EFC166-42A0-44EF-9B40-BEE182732EC4}
	EndGlobalSection
EndGlobal
